
Microsoft Visual Studio Solution File, Format Version 12.00
# Visual Studio Version 16
VisualStudioVersion = 16.0.30717.126
MinimumVisualStudioVersion = 10.0.40219.1
Project("{FAE04EC0-301F-11D3-BF4B-00C04F79EFBC}") = "Dan", "Dan\Dan.csproj", "{CDAB906B-FFEF-4EDD-B298-24267FFD1FE0}"
EndProject
Global
	GlobalSection(SolutionConfigurationPlatforms) = preSolution
		Debug|Any CPU = Debug|Any CPU
		Release|Any CPU = Release|Any CPU
	EndGlobalSection
	GlobalSection(ProjectConfigurationPlatforms) = postSolution
		{CDAB906B-FFEF-4EDD-B298-24267FFD1FE0}.Debug|Any CPU.ActiveCfg = Debug|Any CPU
		{CDAB906B-FFEF-4EDD-B298-24267FFD1FE0}.Debug|Any CPU.Build.0 = Debug|Any CPU
		{CDAB906B-FFEF-4EDD-B298-24267FFD1FE0}.Release|Any CPU.ActiveCfg = Release|Any CPU
		{CDAB906B-FFEF-4EDD-B298-24267FFD1FE0}.Release|Any CPU.Build.0 = Release|Any CPU
	EndGlobalSection
	GlobalSection(SolutionProperties) = preSolution
		HideSolutionNode = FALSE
	EndGlobalSection
	GlobalSection(ExtensibilityGlobals) = postSolution
		SolutionGuid = {EDE0F283-060C-477C-BB77-872284F234A3}
	EndGlobalSection
EndGlobal
